{
  "name": "hacksprint",
  "lockfileVersion": 3,
  "requires": true,
  "packages": {
    "": {
      "dependencies": {
        "agy": "^0.0.0"
      }
    },
    "node_modules/agy": {
      "version": "0.0.0",
      "resolved": "https://registry.npmjs.org/agy/-/agy-0.0.0.tgz",
      "integrity": "sha512-NkHgw9bN+GNi0m7zMqLpzL9Bkit4InxV9/2bAklL395WQ4JlzBvp501ts5DgxJekA/0hKRy9ry93t/CPxwu3RA==",
      "license": "ISC"
    }
  }
}
